
Microsoft Visual Studio Solution File, Format Version 12.00
# Visual Studio 15
VisualStudioVersion = 15.0.27130.2027
MinimumVisualStudioVersion = 10.0.40219.1
Project("{2150E333-8FDC-42A3-9474-1A3956D46DE8}") = "01 Core", "01 Core", "{4C3B4456-3E1E-46D8-BAD5-6C5C6051FCEF}"
EndProject
Project("{2150E333-8FDC-42A3-9474-1A3956D46DE8}") = "02 DataAccess", "02 DataAccess", "{A315CA2F-F002-439E-A901-548D23ABB32E}"
EndProject
Project("{2150E333-8FDC-42A3-9474-1A3956D46DE8}") = "03 Service", "03 Service", "{43B7DF1E-3247-4DC7-A74B-2D8C7831C056}"
EndProject
Project("{2150E333-8FDC-42A3-9474-1A3956D46DE8}") = "05 UI", "05 UI", "{377F5021-A2E6-4ED0-8DED-E18A29257B4B}"
EndProject
Project("{2150E333-8FDC-42A3-9474-1A3956D46DE8}") = "04 Plugins", "04 Plugins", "{D1694CD3-CEF8-4329-9CF6-B1F287BF8050}"
EndProject
Project("{FAE04EC0-301F-11D3-BF4B-00C04F79EFBC}") = "FormBuilder.Core", "FormBuilder.Core\FormBuilder.Core.csproj", "{988139A7-FF27-4CFA-BBA0-1ABEB5E078E5}"
EndProject
Project("{FAE04EC0-301F-11D3-BF4B-00C04F79EFBC}") = "FormBuilder.Utilities", "FromBuilder.Utilities\FormBuilder.Utilities.csproj", "{B310B0A3-6FDB-4393-A326-6C88AC8152AF}"
EndProject
Project("{FAE04EC0-301F-11D3-BF4B-00C04F79EFBC}") = "FormBuilder.DataAccess", "FromBuilder.DataAccess\FormBuilder.DataAccess.csproj", "{B1848F6C-97F8-454E-BED0-ADDBC2C1258C}"
EndProject
Project("{FAE04EC0-301F-11D3-BF4B-00C04F79EFBC}") = "FormBuilder.Model", "FromBuilder.Model\FormBuilder.Model.csproj", "{A1B7C964-A987-4E8E-8F58-68F067C0F097}"
EndProject
Project("{FAE04EC0-301F-11D3-BF4B-00C04F79EFBC}") = "FormBuilder.Service", "FromBuilder.Service\FormBuilder.Service.csproj", "{98C6350B-E664-41D0-B7A0-312E5941A141}"
EndProject
Project("{FAE04EC0-301F-11D3-BF4B-00C04F79EFBC}") = "FormBuilder.Repository", "FormBuilder.Repository\FormBuilder.Repository.csproj", "{FF91E50D-D2F0-4D94-AD4E-E0F93AFF30CC}"
EndProject
Project("{FAE04EC0-301F-11D3-BF4B-00C04F79EFBC}") = "FormBulider.DMEngine", "FormBulider.DMEngine\FormBulider.DMEngine.csproj", "{AAE70F8D-30FC-4481-A0E0-6D9EFCD499D3}"
EndProject
Project("{FAE04EC0-301F-11D3-BF4B-00C04F79EFBC}") = "FormBuilder.Web", "FormBuilder.Web\FormBuilder.Web.csproj", "{800E53F9-FE66-40A6-96EA-341A0BEFDAAD}"
EndProject
Project("{FAE04EC0-301F-11D3-BF4B-00C04F79EFBC}") = "FormBuilder.LBSessionProvider", "Com.FormBuilder.Plugins.LBSessionProvider\FormBuilder.LBSessionProvider.csproj", "{14715653-1E84-4342-8BCB-DD04DDF90E09}"
EndProject
Project("{FAE04EC0-301F-11D3-BF4B-00C04F79EFBC}") = "FormBuilder.LBFileProvider", "FormBuilder.LBFileProvider\FormBuilder.LBFileProvider.csproj", "{9CD94FA2-EFCB-4BCD-8505-DEC11FB4294C}"
EndProject
Project("{2150E333-8FDC-42A3-9474-1A3956D46DE8}") = "07 SQL", "07 SQL", "{4ACADD58-D64E-4414-83F5-B11078A03099}"
	ProjectSection(SolutionItems) = preProject
		sql_data_ini.sql = sql_data_ini.sql
		sql_test.sql = sql_test.sql
	EndProjectSection
EndProject
Project("{FAE04EC0-301F-11D3-BF4B-00C04F79EFBC}") = "FormBuilder.Test", "FormBuilder.Test\FormBuilder.Test.csproj", "{74C89FD3-2972-4015-93F9-F3162EFE1463}"
EndProject
Project("{FAE04EC0-301F-11D3-BF4B-00C04F79EFBC}") = "FormBuilder.SessionProvider", "FormBuilder.SessionProvider\FormBuilder.SessionProvider.csproj", "{EFFB8BF3-ABFA-43BF-9013-A3973CFB9961}"
EndProject
Project("{2150E333-8FDC-42A3-9474-1A3956D46DE8}") = "06 Tools", "06 Tools", "{472A1F15-EF30-47E9-97C8-F19975EB38A3}"
EndProject
Project("{FAE04EC0-301F-11D3-BF4B-00C04F79EFBC}") = "FormBuilder.ExportTool", "FormBuilder.ExportTool\FormBuilder.ExportTool.csproj", "{679AAC7A-9120-42CE-B72D-D664B3957FFD}"
EndProject
Project("{2150E333-8FDC-42A3-9474-1A3956D46DE8}") = "MSS", "MSS", "{1638614A-0627-4782-A69C-84CE068386CE}"
EndProject
Project("{2150E333-8FDC-42A3-9474-1A3956D46DE8}") = "ORA", "ORA", "{53A7DFAA-454F-4C57-BB06-41DD0E928D10}"
	ProjectSection(SolutionItems) = preProject
		ora_table_create.sql = ora_table_create.sql
		ora_table_frame.sql = ora_table_frame.sql
	EndProjectSection
EndProject
Project("{2150E333-8FDC-42A3-9474-1A3956D46DE8}") = "MySQL", "MySQL", "{BFB8D6B1-FC5D-438B-9F4C-279C3CDB9972}"
	ProjectSection(SolutionItems) = preProject
		sql_table_create.sql = sql_table_create.sql
		sql_table_frame.sql = sql_table_frame.sql
	EndProjectSection
EndProject
Global
	GlobalSection(SolutionConfigurationPlatforms) = preSolution
		Debug|Any CPU = Debug|Any CPU
		Release|Any CPU = Release|Any CPU
	EndGlobalSection
	GlobalSection(ProjectConfigurationPlatforms) = postSolution
		{988139A7-FF27-4CFA-BBA0-1ABEB5E078E5}.Debug|Any CPU.ActiveCfg = Debug|Any CPU
		{988139A7-FF27-4CFA-BBA0-1ABEB5E078E5}.Debug|Any CPU.Build.0 = Debug|Any CPU
		{988139A7-FF27-4CFA-BBA0-1ABEB5E078E5}.Release|Any CPU.ActiveCfg = Release|Any CPU
		{988139A7-FF27-4CFA-BBA0-1ABEB5E078E5}.Release|Any CPU.Build.0 = Release|Any CPU
		{B310B0A3-6FDB-4393-A326-6C88AC8152AF}.Debug|Any CPU.ActiveCfg = Debug|Any CPU
		{B310B0A3-6FDB-4393-A326-6C88AC8152AF}.Debug|Any CPU.Build.0 = Debug|Any CPU
		{B310B0A3-6FDB-4393-A326-6C88AC8152AF}.Release|Any CPU.ActiveCfg = Release|Any CPU
		{B310B0A3-6FDB-4393-A326-6C88AC8152AF}.Release|Any CPU.Build.0 = Release|Any CPU
		{B1848F6C-97F8-454E-BED0-ADDBC2C1258C}.Debug|Any CPU.ActiveCfg = Debug|Any CPU
		{B1848F6C-97F8-454E-BED0-ADDBC2C1258C}.Debug|Any CPU.Build.0 = Debug|Any CPU
		{B1848F6C-97F8-454E-BED0-ADDBC2C1258C}.Release|Any CPU.ActiveCfg = Release|Any CPU
		{B1848F6C-97F8-454E-BED0-ADDBC2C1258C}.Release|Any CPU.Build.0 = Release|Any CPU
		{A1B7C964-A987-4E8E-8F58-68F067C0F097}.Debug|Any CPU.ActiveCfg = Debug|Any CPU
		{A1B7C964-A987-4E8E-8F58-68F067C0F097}.Debug|Any CPU.Build.0 = Debug|Any CPU
		{A1B7C964-A987-4E8E-8F58-68F067C0F097}.Release|Any CPU.ActiveCfg = Release|Any CPU
		{A1B7C964-A987-4E8E-8F58-68F067C0F097}.Release|Any CPU.Build.0 = Release|Any CPU
		{98C6350B-E664-41D0-B7A0-312E5941A141}.Debug|Any CPU.ActiveCfg = Debug|Any CPU
		{98C6350B-E664-41D0-B7A0-312E5941A141}.Debug|Any CPU.Build.0 = Debug|Any CPU
		{98C6350B-E664-41D0-B7A0-312E5941A141}.Release|Any CPU.ActiveCfg = Release|Any CPU
		{98C6350B-E664-41D0-B7A0-312E5941A141}.Release|Any CPU.Build.0 = Release|Any CPU
		{FF91E50D-D2F0-4D94-AD4E-E0F93AFF30CC}.Debug|Any CPU.ActiveCfg = Debug|Any CPU
		{FF91E50D-D2F0-4D94-AD4E-E0F93AFF30CC}.Debug|Any CPU.Build.0 = Debug|Any CPU
		{FF91E50D-D2F0-4D94-AD4E-E0F93AFF30CC}.Release|Any CPU.ActiveCfg = Release|Any CPU
		{FF91E50D-D2F0-4D94-AD4E-E0F93AFF30CC}.Release|Any CPU.Build.0 = Release|Any CPU
		{AAE70F8D-30FC-4481-A0E0-6D9EFCD499D3}.Debug|Any CPU.ActiveCfg = Debug|Any CPU
		{AAE70F8D-30FC-4481-A0E0-6D9EFCD499D3}.Debug|Any CPU.Build.0 = Debug|Any CPU
		{AAE70F8D-30FC-4481-A0E0-6D9EFCD499D3}.Release|Any CPU.ActiveCfg = Release|Any CPU
		{AAE70F8D-30FC-4481-A0E0-6D9EFCD499D3}.Release|Any CPU.Build.0 = Release|Any CPU
		{800E53F9-FE66-40A6-96EA-341A0BEFDAAD}.Debug|Any CPU.ActiveCfg = Debug|Any CPU
		{800E53F9-FE66-40A6-96EA-341A0BEFDAAD}.Debug|Any CPU.Build.0 = Debug|Any CPU
		{800E53F9-FE66-40A6-96EA-341A0BEFDAAD}.Release|Any CPU.ActiveCfg = Release|Any CPU
		{800E53F9-FE66-40A6-96EA-341A0BEFDAAD}.Release|Any CPU.Build.0 = Release|Any CPU
		{14715653-1E84-4342-8BCB-DD04DDF90E09}.Debug|Any CPU.ActiveCfg = Debug|Any CPU
		{14715653-1E84-4342-8BCB-DD04DDF90E09}.Debug|Any CPU.Build.0 = Debug|Any CPU
		{14715653-1E84-4342-8BCB-DD04DDF90E09}.Release|Any CPU.ActiveCfg = Release|Any CPU
		{14715653-1E84-4342-8BCB-DD04DDF90E09}.Release|Any CPU.Build.0 = Release|Any CPU
		{9CD94FA2-EFCB-4BCD-8505-DEC11FB4294C}.Debug|Any CPU.ActiveCfg = Debug|Any CPU
		{9CD94FA2-EFCB-4BCD-8505-DEC11FB4294C}.Debug|Any CPU.Build.0 = Debug|Any CPU
		{9CD94FA2-EFCB-4BCD-8505-DEC11FB4294C}.Release|Any CPU.ActiveCfg = Release|Any CPU
		{9CD94FA2-EFCB-4BCD-8505-DEC11FB4294C}.Release|Any CPU.Build.0 = Release|Any CPU
		{74C89FD3-2972-4015-93F9-F3162EFE1463}.Debug|Any CPU.ActiveCfg = Debug|Any CPU
		{74C89FD3-2972-4015-93F9-F3162EFE1463}.Debug|Any CPU.Build.0 = Debug|Any CPU
		{74C89FD3-2972-4015-93F9-F3162EFE1463}.Release|Any CPU.ActiveCfg = Release|Any CPU
		{74C89FD3-2972-4015-93F9-F3162EFE1463}.Release|Any CPU.Build.0 = Release|Any CPU
		{EFFB8BF3-ABFA-43BF-9013-A3973CFB9961}.Debug|Any CPU.ActiveCfg = Debug|Any CPU
		{EFFB8BF3-ABFA-43BF-9013-A3973CFB9961}.Debug|Any CPU.Build.0 = Debug|Any CPU
		{EFFB8BF3-ABFA-43BF-9013-A3973CFB9961}.Release|Any CPU.ActiveCfg = Release|Any CPU
		{EFFB8BF3-ABFA-43BF-9013-A3973CFB9961}.Release|Any CPU.Build.0 = Release|Any CPU
		{679AAC7A-9120-42CE-B72D-D664B3957FFD}.Debug|Any CPU.ActiveCfg = Debug|Any CPU
		{679AAC7A-9120-42CE-B72D-D664B3957FFD}.Debug|Any CPU.Build.0 = Debug|Any CPU
		{679AAC7A-9120-42CE-B72D-D664B3957FFD}.Release|Any CPU.ActiveCfg = Release|Any CPU
		{679AAC7A-9120-42CE-B72D-D664B3957FFD}.Release|Any CPU.Build.0 = Release|Any CPU
	EndGlobalSection
	GlobalSection(SolutionProperties) = preSolution
		HideSolutionNode = FALSE
	EndGlobalSection
	GlobalSection(NestedProjects) = preSolution
		{988139A7-FF27-4CFA-BBA0-1ABEB5E078E5} = {4C3B4456-3E1E-46D8-BAD5-6C5C6051FCEF}
		{B310B0A3-6FDB-4393-A326-6C88AC8152AF} = {4C3B4456-3E1E-46D8-BAD5-6C5C6051FCEF}
		{B1848F6C-97F8-454E-BED0-ADDBC2C1258C} = {A315CA2F-F002-439E-A901-548D23ABB32E}
		{A1B7C964-A987-4E8E-8F58-68F067C0F097} = {43B7DF1E-3247-4DC7-A74B-2D8C7831C056}
		{98C6350B-E664-41D0-B7A0-312E5941A141} = {43B7DF1E-3247-4DC7-A74B-2D8C7831C056}
		{FF91E50D-D2F0-4D94-AD4E-E0F93AFF30CC} = {43B7DF1E-3247-4DC7-A74B-2D8C7831C056}
		{AAE70F8D-30FC-4481-A0E0-6D9EFCD499D3} = {43B7DF1E-3247-4DC7-A74B-2D8C7831C056}
		{800E53F9-FE66-40A6-96EA-341A0BEFDAAD} = {377F5021-A2E6-4ED0-8DED-E18A29257B4B}
		{14715653-1E84-4342-8BCB-DD04DDF90E09} = {D1694CD3-CEF8-4329-9CF6-B1F287BF8050}
		{9CD94FA2-EFCB-4BCD-8505-DEC11FB4294C} = {D1694CD3-CEF8-4329-9CF6-B1F287BF8050}
		{74C89FD3-2972-4015-93F9-F3162EFE1463} = {377F5021-A2E6-4ED0-8DED-E18A29257B4B}
		{EFFB8BF3-ABFA-43BF-9013-A3973CFB9961} = {D1694CD3-CEF8-4329-9CF6-B1F287BF8050}
		{679AAC7A-9120-42CE-B72D-D664B3957FFD} = {472A1F15-EF30-47E9-97C8-F19975EB38A3}
		{1638614A-0627-4782-A69C-84CE068386CE} = {4ACADD58-D64E-4414-83F5-B11078A03099}
		{53A7DFAA-454F-4C57-BB06-41DD0E928D10} = {4ACADD58-D64E-4414-83F5-B11078A03099}
		{BFB8D6B1-FC5D-438B-9F4C-279C3CDB9972} = {4ACADD58-D64E-4414-83F5-B11078A03099}
	EndGlobalSection
	GlobalSection(ExtensibilityGlobals) = postSolution
		SolutionGuid = {1E821282-7697-40F7-95E6-74F0F99F5055}
	EndGlobalSection
EndGlobal
